
Microsoft Visual Studio Solution File, Format Version 12.00
# Visual Studio Version 17
VisualStudioVersion = 17.3.32804.467
MinimumVisualStudioVersion = 10.0.40219.1
Project("{2150E333-8FDC-42A3-9474-1A3956D46DE8}") = "Domain", "Domain", "{C8090737-8827-43A0-8C8B-AF1D8C2B1A98}"
EndProject
Project("{2150E333-8FDC-42A3-9474-1A3956D46DE8}") = "Infrastructure", "Infrastructure", "{CA6DB1D5-776E-4B3F-9069-B330A8A9DFB8}"
EndProject
Project("{2150E333-8FDC-42A3-9474-1A3956D46DE8}") = "Application", "Application", "{862BF96F-656E-4529-AF53-AA1003D43190}"
EndProject
Project("{2150E333-8FDC-42A3-9474-1A3956D46DE8}") = "Test", "Test", "{A8D7A181-7665-4F34-ABEA-DC0726CB81D5}"
EndProject
Project("{9A19103F-16F7-4668-BE54-9A1E7A4F7556}") = "MaqGetway.Apllication.Service", "..\MaqGetway.Apllication.Service\MaqGetway.Apllication.Service.csproj", "{4452D6E4-E878-48EC-8BFC-DB9321D69150}"
EndProject
Project("{9A19103F-16F7-4668-BE54-9A1E7A4F7556}") = "MaqGetway.Domain", "..\MaqGetway.Domain\MaqGetway.Domain.csproj", "{ABD0B5BE-5685-4D2F-B59B-1FE58A71D17C}"
EndProject
Project("{9A19103F-16F7-4668-BE54-9A1E7A4F7556}") = "MaqGetway.Infrastructure", "..\MaqGetway.Infrastructure\MaqGetway.Infrastructure.csproj", "{9B3240D5-A9FA-4778-8448-49C98B493A48}"
EndProject
Project("{9A19103F-16F7-4668-BE54-9A1E7A4F7556}") = "MaqGetway.Test", "..\MaqGetway.Test\MaqGetway.Test.csproj", "{C6D76296-A31F-4080-8023-B02E426F35AE}"
EndProject
Project("{9A19103F-16F7-4668-BE54-9A1E7A4F7556}") = "MaqGetway", "MaqGetway.csproj", "{9AC7EF2C-B7E7-426F-B070-53D3129E1147}"
EndProject
Global
	GlobalSection(SolutionConfigurationPlatforms) = preSolution
		Debug|Any CPU = Debug|Any CPU
		Release|Any CPU = Release|Any CPU
	EndGlobalSection
	GlobalSection(ProjectConfigurationPlatforms) = postSolution
		{4452D6E4-E878-48EC-8BFC-DB9321D69150}.Debug|Any CPU.ActiveCfg = Debug|Any CPU
		{4452D6E4-E878-48EC-8BFC-DB9321D69150}.Debug|Any CPU.Build.0 = Debug|Any CPU
		{4452D6E4-E878-48EC-8BFC-DB9321D69150}.Release|Any CPU.ActiveCfg = Release|Any CPU
		{4452D6E4-E878-48EC-8BFC-DB9321D69150}.Release|Any CPU.Build.0 = Release|Any CPU
		{ABD0B5BE-5685-4D2F-B59B-1FE58A71D17C}.Debug|Any CPU.ActiveCfg = Debug|Any CPU
		{ABD0B5BE-5685-4D2F-B59B-1FE58A71D17C}.Debug|Any CPU.Build.0 = Debug|Any CPU
		{ABD0B5BE-5685-4D2F-B59B-1FE58A71D17C}.Release|Any CPU.ActiveCfg = Release|Any CPU
		{ABD0B5BE-5685-4D2F-B59B-1FE58A71D17C}.Release|Any CPU.Build.0 = Release|Any CPU
		{9B3240D5-A9FA-4778-8448-49C98B493A48}.Debug|Any CPU.ActiveCfg = Debug|Any CPU
		{9B3240D5-A9FA-4778-8448-49C98B493A48}.Debug|Any CPU.Build.0 = Debug|Any CPU
		{9B3240D5-A9FA-4778-8448-49C98B493A48}.Release|Any CPU.ActiveCfg = Release|Any CPU
		{9B3240D5-A9FA-4778-8448-49C98B493A48}.Release|Any CPU.Build.0 = Release|Any CPU
		{C6D76296-A31F-4080-8023-B02E426F35AE}.Debug|Any CPU.ActiveCfg = Debug|Any CPU
		{C6D76296-A31F-4080-8023-B02E426F35AE}.Debug|Any CPU.Build.0 = Debug|Any CPU
		{C6D76296-A31F-4080-8023-B02E426F35AE}.Release|Any CPU.ActiveCfg = Release|Any CPU
		{C6D76296-A31F-4080-8023-B02E426F35AE}.Release|Any CPU.Build.0 = Release|Any CPU
		{9AC7EF2C-B7E7-426F-B070-53D3129E1147}.Debug|Any CPU.ActiveCfg = Debug|Any CPU
		{9AC7EF2C-B7E7-426F-B070-53D3129E1147}.Debug|Any CPU.Build.0 = Debug|Any CPU
		{9AC7EF2C-B7E7-426F-B070-53D3129E1147}.Release|Any CPU.ActiveCfg = Release|Any CPU
		{9AC7EF2C-B7E7-426F-B070-53D3129E1147}.Release|Any CPU.Build.0 = Release|Any CPU
	EndGlobalSection
	GlobalSection(SolutionProperties) = preSolution
		HideSolutionNode = FALSE
	EndGlobalSection
	GlobalSection(NestedProjects) = preSolution
		{4452D6E4-E878-48EC-8BFC-DB9321D69150} = {862BF96F-656E-4529-AF53-AA1003D43190}
		{ABD0B5BE-5685-4D2F-B59B-1FE58A71D17C} = {C8090737-8827-43A0-8C8B-AF1D8C2B1A98}
		{9B3240D5-A9FA-4778-8448-49C98B493A48} = {CA6DB1D5-776E-4B3F-9069-B330A8A9DFB8}
		{C6D76296-A31F-4080-8023-B02E426F35AE} = {A8D7A181-7665-4F34-ABEA-DC0726CB81D5}
	EndGlobalSection
	GlobalSection(ExtensibilityGlobals) = postSolution
		SolutionGuid = {33B86A5A-DB85-4223-8395-AEBFBFEAEA40}
	EndGlobalSection
EndGlobal
