
Microsoft Visual Studio Solution File, Format Version 12.00
# Visual Studio Version 17
VisualStudioVersion = 17.3.32804.467
MinimumVisualStudioVersion = 10.0.40219.1
Project("{9A19103F-16F7-4668-BE54-9A1E7A4F7556}") = "MaqGetway.Test", "MaqGetway.Test.csproj", "{EAA6A5A9-D8F2-47F5-A453-54DFE226E9F2}"
EndProject
Global
	GlobalSection(SolutionConfigurationPlatforms) = preSolution
		Debug|Any CPU = Debug|Any CPU
		Release|Any CPU = Release|Any CPU
	EndGlobalSection
	GlobalSection(ProjectConfigurationPlatforms) = postSolution
		{EAA6A5A9-D8F2-47F5-A453-54DFE226E9F2}.Debug|Any CPU.ActiveCfg = Debug|Any CPU
		{EAA6A5A9-D8F2-47F5-A453-54DFE226E9F2}.Debug|Any CPU.Build.0 = Debug|Any CPU
		{EAA6A5A9-D8F2-47F5-A453-54DFE226E9F2}.Release|Any CPU.ActiveCfg = Release|Any CPU
		{EAA6A5A9-D8F2-47F5-A453-54DFE226E9F2}.Release|Any CPU.Build.0 = Release|Any CPU
	EndGlobalSection
	GlobalSection(SolutionProperties) = preSolution
		HideSolutionNode = FALSE
	EndGlobalSection
	GlobalSection(ExtensibilityGlobals) = postSolution
		SolutionGuid = {D35BD0C4-298A-4891-9E0E-94643CCB2017}
	EndGlobalSection
EndGlobal
