
Microsoft Visual Studio Solution File, Format Version 12.00
# Visual Studio Version 17
VisualStudioVersion = 17.3.32804.467
MinimumVisualStudioVersion = 10.0.40219.1
Project("{9A19103F-16F7-4668-BE54-9A1E7A4F7556}") = "MaqGetway.Infrastructure", "MaqGetway.Infrastructure.csproj", "{CFE9CAFB-1586-4C97-8177-3FDC9E9CFCCC}"
EndProject
Global
	GlobalSection(SolutionConfigurationPlatforms) = preSolution
		Debug|Any CPU = Debug|Any CPU
		Release|Any CPU = Release|Any CPU
	EndGlobalSection
	GlobalSection(ProjectConfigurationPlatforms) = postSolution
		{CFE9CAFB-1586-4C97-8177-3FDC9E9CFCCC}.Debug|Any CPU.ActiveCfg = Debug|Any CPU
		{CFE9CAFB-1586-4C97-8177-3FDC9E9CFCCC}.Debug|Any CPU.Build.0 = Debug|Any CPU
		{CFE9CAFB-1586-4C97-8177-3FDC9E9CFCCC}.Release|Any CPU.ActiveCfg = Release|Any CPU
		{CFE9CAFB-1586-4C97-8177-3FDC9E9CFCCC}.Release|Any CPU.Build.0 = Release|Any CPU
	EndGlobalSection
	GlobalSection(SolutionProperties) = preSolution
		HideSolutionNode = FALSE
	EndGlobalSection
	GlobalSection(ExtensibilityGlobals) = postSolution
		SolutionGuid = {3C9361B3-8FE0-4586-9D2D-FB58D1BD886F}
	EndGlobalSection
EndGlobal
